
Microsoft Visual Studio Solution File, Format Version 12.00
# Visual Studio Version 16
VisualStudioVersion = 16.0.29209.62
MinimumVisualStudioVersion = 10.0.40219.1
Project("{9A19103F-16F7-4668-BE54-9A1E7A4F7556}") = "Market", "Market\Market.csproj", "{F34E85F5-54A1-4342-8E24-26FF560BD082}"
	ProjectSection(ProjectDependencies) = postProject
		{77A0027D-D513-4682-9D58-C2CB9A46FACC} = {77A0027D-D513-4682-9D58-C2CB9A46FACC}
		{8F80D498-41A5-4B53-96B1-5FE5E713B59A} = {8F80D498-41A5-4B53-96B1-5FE5E713B59A}
	EndProjectSection
EndProject
Project("{9A19103F-16F7-4668-BE54-9A1E7A4F7556}") = "UnitsOfWork", "UnitsOfWork\UnitsOfWork.csproj", "{8F80D498-41A5-4B53-96B1-5FE5E713B59A}"
EndProject
Project("{9A19103F-16F7-4668-BE54-9A1E7A4F7556}") = "Models", "Models\Models.csproj", "{A3D6EA04-25D2-457C-A853-7B12F2064191}"
EndProject
Project("{9A19103F-16F7-4668-BE54-9A1E7A4F7556}") = "Repositories", "Repositories\Repositories.csproj", "{77A0027D-D513-4682-9D58-C2CB9A46FACC}"
EndProject
Project("{9A19103F-16F7-4668-BE54-9A1E7A4F7556}") = "Services", "Service\Services.csproj", "{CD0B48FD-287A-4498-9863-4338559FD77D}"
EndProject
Global
	GlobalSection(SolutionConfigurationPlatforms) = preSolution
		Debug|Any CPU = Debug|Any CPU
		Release|Any CPU = Release|Any CPU
	EndGlobalSection
	GlobalSection(ProjectConfigurationPlatforms) = postSolution
		{F34E85F5-54A1-4342-8E24-26FF560BD082}.Debug|Any CPU.ActiveCfg = Debug|Any CPU
		{F34E85F5-54A1-4342-8E24-26FF560BD082}.Debug|Any CPU.Build.0 = Debug|Any CPU
		{F34E85F5-54A1-4342-8E24-26FF560BD082}.Release|Any CPU.ActiveCfg = Release|Any CPU
		{F34E85F5-54A1-4342-8E24-26FF560BD082}.Release|Any CPU.Build.0 = Release|Any CPU
		{8F80D498-41A5-4B53-96B1-5FE5E713B59A}.Debug|Any CPU.ActiveCfg = Debug|Any CPU
		{8F80D498-41A5-4B53-96B1-5FE5E713B59A}.Debug|Any CPU.Build.0 = Debug|Any CPU
		{8F80D498-41A5-4B53-96B1-5FE5E713B59A}.Release|Any CPU.ActiveCfg = Release|Any CPU
		{8F80D498-41A5-4B53-96B1-5FE5E713B59A}.Release|Any CPU.Build.0 = Release|Any CPU
		{A3D6EA04-25D2-457C-A853-7B12F2064191}.Debug|Any CPU.ActiveCfg = Debug|Any CPU
		{A3D6EA04-25D2-457C-A853-7B12F2064191}.Debug|Any CPU.Build.0 = Debug|Any CPU
		{A3D6EA04-25D2-457C-A853-7B12F2064191}.Release|Any CPU.ActiveCfg = Release|Any CPU
		{A3D6EA04-25D2-457C-A853-7B12F2064191}.Release|Any CPU.Build.0 = Release|Any CPU
		{77A0027D-D513-4682-9D58-C2CB9A46FACC}.Debug|Any CPU.ActiveCfg = Debug|Any CPU
		{77A0027D-D513-4682-9D58-C2CB9A46FACC}.Debug|Any CPU.Build.0 = Debug|Any CPU
		{77A0027D-D513-4682-9D58-C2CB9A46FACC}.Release|Any CPU.ActiveCfg = Release|Any CPU
		{77A0027D-D513-4682-9D58-C2CB9A46FACC}.Release|Any CPU.Build.0 = Release|Any CPU
		{CD0B48FD-287A-4498-9863-4338559FD77D}.Debug|Any CPU.ActiveCfg = Debug|Any CPU
		{CD0B48FD-287A-4498-9863-4338559FD77D}.Debug|Any CPU.Build.0 = Debug|Any CPU
		{CD0B48FD-287A-4498-9863-4338559FD77D}.Release|Any CPU.ActiveCfg = Release|Any CPU
		{CD0B48FD-287A-4498-9863-4338559FD77D}.Release|Any CPU.Build.0 = Release|Any CPU
	EndGlobalSection
	GlobalSection(SolutionProperties) = preSolution
		HideSolutionNode = FALSE
	EndGlobalSection
	GlobalSection(ExtensibilityGlobals) = postSolution
		SolutionGuid = {F0433864-548F-46AF-BD04-F0AB82F1F5AB}
	EndGlobalSection
EndGlobal
